
Microsoft Visual Studio Solution File, Format Version 12.00
# Visual Studio Version 17
VisualStudioVersion = 17.5.002.0
MinimumVisualStudioVersion = 10.0.40219.1
Project("{9A19103F-16F7-4668-BE54-9A1E7A4F7556}") = "PlannerApp", "PlannerApp.csproj", "{F435A7FB-BB02-457B-B753-9194110F54BC}"
EndProject
Global
	GlobalSection(SolutionConfigurationPlatforms) = preSolution
		Debug|Any CPU = Debug|Any CPU
		Release|Any CPU = Release|Any CPU
	EndGlobalSection
	GlobalSection(ProjectConfigurationPlatforms) = postSolution
		{F435A7FB-BB02-457B-B753-9194110F54BC}.Debug|Any CPU.ActiveCfg = Debug|Any CPU
		{F435A7FB-BB02-457B-B753-9194110F54BC}.Debug|Any CPU.Build.0 = Debug|Any CPU
		{F435A7FB-BB02-457B-B753-9194110F54BC}.Release|Any CPU.ActiveCfg = Release|Any CPU
		{F435A7FB-BB02-457B-B753-9194110F54BC}.Release|Any CPU.Build.0 = Release|Any CPU
	EndGlobalSection
	GlobalSection(SolutionProperties) = preSolution
		HideSolutionNode = FALSE
	EndGlobalSection
	GlobalSection(ExtensibilityGlobals) = postSolution
		SolutionGuid = {38000F7D-4A10-4132-8668-AA153D97A829}
	EndGlobalSection
EndGlobal
